{
  "name": "algososh",
  "version": "1.0.0",
  "lockfileVersion": 1,
  "requires": true,
  "dependencies": {
    "dependency1": {
      "version": "1.0.0",
      "resolved": "https://example.com/dependency1-1.0.0.tgz",
      "integrity": "sha256-1234567890"
    },
    "dependency2": {
      "version": "2.0.0",
      "resolved": "https://example.com/dependency2-2.0.0.tgz",
      "integrity": "sha256-0987654321"
    },
    "<<<<<<< HEAD": {
      "version": "1.0.0",
      "resolved": "https://example.com/dependency1-1.0.0.tgz",
      "integrity": "sha256-abcdef1234"
    },
    "dependency3": {
      "version": "3.0.0",
      "resolved": "https://example.com/dependency3-3.0.0.tgz",
      "integrity": "sha256-abcdef1234"
    },
    "dependency4": {
      "version": "4.0.0",
      "resolved": "https://example.com/dependency4-4.0.0.tgz",
      "integrity": "sha256-abcdef1234"
    },
    "=======": {
      "version": "2.0.0",
      "resolved": "https://example.com/dependency2-2.0.0.tgz",
      "integrity": "sha256-abcdef1234"
    },
    "dependency5": {
      "version": "5.0.0",
      "resolved": "https://example.com/dependency5-5.0.0.tgz",
      "integrity": "sha256-abcdef1234"
    },
    ">>>>>>> branch-name": {
      "version": "3.0.0",
      "resolved": "https://example.com/dependency3-3.0.0.tgz",
      "integrity": "sha256-abcdef1234"
    }
  }
}